<?xml version="1.0" encoding="utf-8"?>
<Project ToolsVersion="4.0" xmlns="http://schemas.microsoft.com/developer/msbuild/2003">
  <ItemGroup>
    <ClCompile Include="main.cpp" />
    <ClCompile Include="Game\CoinGame.cpp">
      <Filter>Game</Filter>
    </ClCompile>
    <ClCompile Include="Data\Node.cpp">
      <Filter>Data</Filter>
    </ClCompile>
    <ClCompile Include="Permutator\PermutationGenerator.cpp">
      <Filter>Permutations</Filter>
    </ClCompile>
  </ItemGroup>
  <ItemGroup>
    <ClInclude Include="Game\CoinGame.h">
      <Filter>Game</Filter>
    </ClInclude>
    <ClInclude Include="Data\Node.h">
      <Filter>Data</Filter>
    </ClInclude>
    <ClInclude Include="Permutator\PermutationGenerator.h">
      <Filter>Permutations</Filter>
    </ClInclude>
    <ClInclude Include="Data\CoinGameResult.h">
      <Filter>Data</Filter>
    </ClInclude>
  </ItemGroup>
  <ItemGroup>
    <Filter Include="Data">
      <UniqueIdentifier>{d38d5ca4-a557-4dfb-a8b1-bad6707a67be}</UniqueIdentifier>
    </Filter>
    <Filter Include="Game">
      <UniqueIdentifier>{209af5a9-c608-48ec-b3e4-d56f380f49c3}</UniqueIdentifier>
    </Filter>
    <Filter Include="Permutations">
      <UniqueIdentifier>{f11874ee-275a-4f02-a36b-eb1153f05975}</UniqueIdentifier>
    </Filter>
  </ItemGroup>
</Project>